// !$*UTF8*$!
{
	archiveVersion = 1;
	classes = {
	};
	objectVersion = 56;
	objects = {

/* Begin PBXBuildFile section */
		1A05E83029B3DB2B00A05469 /* HdrHistogramViewerApp.swift in Sources */ = {isa = PBXBuildFile; fileRef = 1A05E82F29B3DB2B00A05469 /* HdrHistogramViewerApp.swift */; };
		1A05E83229B3DB2B00A05469 /* HdrHistogramViewerDocument.swift in Sources */ = {isa = PBXBuildFile; fileRef = 1A05E83129B3DB2B00A05469 /* HdrHistogramViewerDocument.swift */; };
		1A05E83429B3DB2B00A05469 /* ContentView.swift in Sources */ = {isa = PBXBuildFile; fileRef = 1A05E83329B3DB2B00A05469 /* ContentView.swift */; };
		1A05E83629B3DB2B00A05469 /* Assets.xcassets in Resources */ = {isa = PBXBuildFile; fileRef = 1A05E83529B3DB2B00A05469 /* Assets.xcassets */; };
		1A05E83B29B3DB2B00A05469 /* Preview Assets.xcassets in Resources */ = {isa = PBXBuildFile; fileRef = 1A05E83A29B3DB2B00A05469 /* Preview Assets.xcassets */; };
		1A05E84529B3DB2C00A05469 /* HdrHistogramViewerTests.swift in Sources */ = {isa = PBXBuildFile; fileRef = 1A05E84429B3DB2C00A05469 /* HdrHistogramViewerTests.swift */; };
		1A05E84F29B3DB2C00A05469 /* HdrHistogramViewerUITests.swift in Sources */ = {isa = PBXBuildFile; fileRef = 1A05E84E29B3DB2C00A05469 /* HdrHistogramViewerUITests.swift */; };
		1A05E85129B3DB2C00A05469 /* HdrHistogramViewerUITestsLaunchTests.swift in Sources */ = {isa = PBXBuildFile; fileRef = 1A05E85029B3DB2C00A05469 /* HdrHistogramViewerUITestsLaunchTests.swift */; };
		1A05E85F29B3DBE500A05469 /* Histogram in Frameworks */ = {isa = PBXBuildFile; productRef = 1A05E85E29B3DBE500A05469 /* Histogram */; };
		1A05E86229B3DFB100A05469 /* ExtrasJSON in Frameworks */ = {isa = PBXBuildFile; productRef = 1A05E86129B3DFB100A05469 /* ExtrasJSON */; };
		1AA019C329B3FFF100B0BA19 /* PercentileCurve.swift in Sources */ = {isa = PBXBuildFile; fileRef = 1AA019C229B3FFF100B0BA19 /* PercentileCurve.swift */; };
/* End PBXBuildFile section */

/* Begin PBXContainerItemProxy section */
		1A05E84129B3DB2C00A05469 /* PBXContainerItemProxy */ = {
			isa = PBXContainerItemProxy;
			containerPortal = 1A05E82429B3DB2A00A05469 /* Project object */;
			proxyType = 1;
			remoteGlobalIDString = 1A05E82B29B3DB2A00A05469;
			remoteInfo = HdrHistogramViewer;
		};
		1A05E84B29B3DB2C00A05469 /* PBXContainerItemProxy */ = {
			isa = PBXContainerItemProxy;
			containerPortal = 1A05E82429B3DB2A00A05469 /* Project object */;
			proxyType = 1;
			remoteGlobalIDString = 1A05E82B29B3DB2A00A05469;
			remoteInfo = HdrHistogramViewer;
		};
/* End PBXContainerItemProxy section */

/* Begin PBXFileReference section */
		1A05E82C29B3DB2B00A05469 /* HdrHistogramViewer.app */ = {isa = PBXFileReference; explicitFileType = wrapper.application; includeInIndex = 0; path = HdrHistogramViewer.app; sourceTree = BUILT_PRODUCTS_DIR; };
		1A05E82F29B3DB2B00A05469 /* HdrHistogramViewerApp.swift */ = {isa = PBXFileReference; lastKnownFileType = sourcecode.swift; path = HdrHistogramViewerApp.swift; sourceTree = "<group>"; };
		1A05E83129B3DB2B00A05469 /* HdrHistogramViewerDocument.swift */ = {isa = PBXFileReference; lastKnownFileType = sourcecode.swift; path = HdrHistogramViewerDocument.swift; sourceTree = "<group>"; };
		1A05E83329B3DB2B00A05469 /* ContentView.swift */ = {isa = PBXFileReference; lastKnownFileType = sourcecode.swift; path = ContentView.swift; sourceTree = "<group>"; };
		1A05E83529B3DB2B00A05469 /* Assets.xcassets */ = {isa = PBXFileReference; lastKnownFileType = folder.assetcatalog; path = Assets.xcassets; sourceTree = "<group>"; };
		1A05E83729B3DB2B00A05469 /* Info.plist */ = {isa = PBXFileReference; lastKnownFileType = text.plist.xml; path = Info.plist; sourceTree = "<group>"; };
		1A05E83829B3DB2B00A05469 /* HdrHistogramViewer.entitlements */ = {isa = PBXFileReference; lastKnownFileType = text.plist.entitlements; path = HdrHistogramViewer.entitlements; sourceTree = "<group>"; };
		1A05E83A29B3DB2B00A05469 /* Preview Assets.xcassets */ = {isa = PBXFileReference; lastKnownFileType = folder.assetcatalog; path = "Preview Assets.xcassets"; sourceTree = "<group>"; };
		1A05E84029B3DB2C00A05469 /* HdrHistogramViewerTests.xctest */ = {isa = PBXFileReference; explicitFileType = wrapper.cfbundle; includeInIndex = 0; path = HdrHistogramViewerTests.xctest; sourceTree = BUILT_PRODUCTS_DIR; };
		1A05E84429B3DB2C00A05469 /* HdrHistogramViewerTests.swift */ = {isa = PBXFileReference; lastKnownFileType = sourcecode.swift; path = HdrHistogramViewerTests.swift; sourceTree = "<group>"; };
		1A05E84A29B3DB2C00A05469 /* HdrHistogramViewerUITests.xctest */ = {isa = PBXFileReference; explicitFileType = wrapper.cfbundle; includeInIndex = 0; path = HdrHistogramViewerUITests.xctest; sourceTree = BUILT_PRODUCTS_DIR; };
		1A05E84E29B3DB2C00A05469 /* HdrHistogramViewerUITests.swift */ = {isa = PBXFileReference; lastKnownFileType = sourcecode.swift; path = HdrHistogramViewerUITests.swift; sourceTree = "<group>"; };
		1A05E85029B3DB2C00A05469 /* HdrHistogramViewerUITestsLaunchTests.swift */ = {isa = PBXFileReference; lastKnownFileType = sourcecode.swift; path = HdrHistogramViewerUITestsLaunchTests.swift; sourceTree = "<group>"; };
		1AA019C229B3FFF100B0BA19 /* PercentileCurve.swift */ = {isa = PBXFileReference; lastKnownFileType = sourcecode.swift; path = PercentileCurve.swift; sourceTree = "<group>"; };
/* End PBXFileReference section */

/* Begin PBXFrameworksBuildPhase section */
		1A05E82929B3DB2A00A05469 /* Frameworks */ = {
			isa = PBXFrameworksBuildPhase;
			buildActionMask = 2147483647;
			files = (
				1A05E85F29B3DBE500A05469 /* Histogram in Frameworks */,
				1A05E86229B3DFB100A05469 /* ExtrasJSON in Frameworks */,
			);
			runOnlyForDeploymentPostprocessing = 0;
		};
		1A05E83D29B3DB2C00A05469 /* Frameworks */ = {
			isa = PBXFrameworksBuildPhase;
			buildActionMask = 2147483647;
			files = (
			);
			runOnlyForDeploymentPostprocessing = 0;
		};
		1A05E84729B3DB2C00A05469 /* Frameworks */ = {
			isa = PBXFrameworksBuildPhase;
			buildActionMask = 2147483647;
			files = (
			);
			runOnlyForDeploymentPostprocessing = 0;
		};
/* End PBXFrameworksBuildPhase section */

/* Begin PBXGroup section */
		1A05E82329B3DB2A00A05469 = {
			isa = PBXGroup;
			children = (
				1A05E82E29B3DB2B00A05469 /* HdrHistogramViewer */,
				1A05E84329B3DB2C00A05469 /* HdrHistogramViewerTests */,
				1A05E84D29B3DB2C00A05469 /* HdrHistogramViewerUITests */,
				1A05E82D29B3DB2B00A05469 /* Products */,
			);
			sourceTree = "<group>";
		};
		1A05E82D29B3DB2B00A05469 /* Products */ = {
			isa = PBXGroup;
			children = (
				1A05E82C29B3DB2B00A05469 /* HdrHistogramViewer.app */,
				1A05E84029B3DB2C00A05469 /* HdrHistogramViewerTests.xctest */,
				1A05E84A29B3DB2C00A05469 /* HdrHistogramViewerUITests.xctest */,
			);
			name = Products;
			sourceTree = "<group>";
		};
		1A05E82E29B3DB2B00A05469 /* HdrHistogramViewer */ = {
			isa = PBXGroup;
			children = (
				1AA019C129B3FFB400B0BA19 /* HistogramViews */,
				1A05E82F29B3DB2B00A05469 /* HdrHistogramViewerApp.swift */,
				1A05E83129B3DB2B00A05469 /* HdrHistogramViewerDocument.swift */,
				1A05E83329B3DB2B00A05469 /* ContentView.swift */,
				1A05E83529B3DB2B00A05469 /* Assets.xcassets */,
				1A05E83729B3DB2B00A05469 /* Info.plist */,
				1A05E83829B3DB2B00A05469 /* HdrHistogramViewer.entitlements */,
				1A05E83929B3DB2B00A05469 /* Preview Content */,
			);
			path = HdrHistogramViewer;
			sourceTree = "<group>";
		};
		1A05E83929B3DB2B00A05469 /* Preview Content */ = {
			isa = PBXGroup;
			children = (
				1A05E83A29B3DB2B00A05469 /* Preview Assets.xcassets */,
			);
			path = "Preview Content";
			sourceTree = "<group>";
		};
		1A05E84329B3DB2C00A05469 /* HdrHistogramViewerTests */ = {
			isa = PBXGroup;
			children = (
				1A05E84429B3DB2C00A05469 /* HdrHistogramViewerTests.swift */,
			);
			path = HdrHistogramViewerTests;
			sourceTree = "<group>";
		};
		1A05E84D29B3DB2C00A05469 /* HdrHistogramViewerUITests */ = {
			isa = PBXGroup;
			children = (
				1A05E84E29B3DB2C00A05469 /* HdrHistogramViewerUITests.swift */,
				1A05E85029B3DB2C00A05469 /* HdrHistogramViewerUITestsLaunchTests.swift */,
			);
			path = HdrHistogramViewerUITests;
			sourceTree = "<group>";
		};
		1AA019C129B3FFB400B0BA19 /* HistogramViews */ = {
			isa = PBXGroup;
			children = (
				1AA019C229B3FFF100B0BA19 /* PercentileCurve.swift */,
			);
			path = HistogramViews;
			sourceTree = "<group>";
		};
/* End PBXGroup section */

/* Begin PBXNativeTarget section */
		1A05E82B29B3DB2A00A05469 /* HdrHistogramViewer */ = {
			isa = PBXNativeTarget;
			buildConfigurationList = 1A05E85429B3DB2C00A05469 /* Build configuration list for PBXNativeTarget "HdrHistogramViewer" */;
			buildPhases = (
				1A05E82829B3DB2A00A05469 /* Sources */,
				1A05E82929B3DB2A00A05469 /* Frameworks */,
				1A05E82A29B3DB2A00A05469 /* Resources */,
			);
			buildRules = (
			);
			dependencies = (
			);
			name = HdrHistogramViewer;
			packageProductDependencies = (
				1A05E85E29B3DBE500A05469 /* Histogram */,
				1A05E86129B3DFB100A05469 /* ExtrasJSON */,
			);
			productName = HdrHistogramViewer;
			productReference = 1A05E82C29B3DB2B00A05469 /* HdrHistogramViewer.app */;
			productType = "com.apple.product-type.application";
		};
		1A05E83F29B3DB2C00A05469 /* HdrHistogramViewerTests */ = {
			isa = PBXNativeTarget;
			buildConfigurationList = 1A05E85729B3DB2C00A05469 /* Build configuration list for PBXNativeTarget "HdrHistogramViewerTests" */;
			buildPhases = (
				1A05E83C29B3DB2C00A05469 /* Sources */,
				1A05E83D29B3DB2C00A05469 /* Frameworks */,
				1A05E83E29B3DB2C00A05469 /* Resources */,
			);
			buildRules = (
			);
			dependencies = (
				1A05E84229B3DB2C00A05469 /* PBXTargetDependency */,
			);
			name = HdrHistogramViewerTests;
			productName = HdrHistogramViewerTests;
			productReference = 1A05E84029B3DB2C00A05469 /* HdrHistogramViewerTests.xctest */;
			productType = "com.apple.product-type.bundle.unit-test";
		};
		1A05E84929B3DB2C00A05469 /* HdrHistogramViewerUITests */ = {
			isa = PBXNativeTarget;
			buildConfigurationList = 1A05E85A29B3DB2C00A05469 /* Build configuration list for PBXNativeTarget "HdrHistogramViewerUITests" */;
			buildPhases = (
				1A05E84629B3DB2C00A05469 /* Sources */,
				1A05E84729B3DB2C00A05469 /* Frameworks */,
				1A05E84829B3DB2C00A05469 /* Resources */,
			);
			buildRules = (
			);
			dependencies = (
				1A05E84C29B3DB2C00A05469 /* PBXTargetDependency */,
			);
			name = HdrHistogramViewerUITests;
			productName = HdrHistogramViewerUITests;
			productReference = 1A05E84A29B3DB2C00A05469 /* HdrHistogramViewerUITests.xctest */;
			productType = "com.apple.product-type.bundle.ui-testing";
		};
/* End PBXNativeTarget section */

/* Begin PBXProject section */
		1A05E82429B3DB2A00A05469 /* Project object */ = {
			isa = PBXProject;
			attributes = {
				BuildIndependentTargetsInParallel = 1;
				LastSwiftUpdateCheck = 1430;
				LastUpgradeCheck = 1430;
				TargetAttributes = {
					1A05E82B29B3DB2A00A05469 = {
						CreatedOnToolsVersion = 14.3;
					};
					1A05E83F29B3DB2C00A05469 = {
						CreatedOnToolsVersion = 14.3;
						TestTargetID = 1A05E82B29B3DB2A00A05469;
					};
					1A05E84929B3DB2C00A05469 = {
						CreatedOnToolsVersion = 14.3;
						TestTargetID = 1A05E82B29B3DB2A00A05469;
					};
				};
			};
			buildConfigurationList = 1A05E82729B3DB2A00A05469 /* Build configuration list for PBXProject "HdrHistogramViewer" */;
			compatibilityVersion = "Xcode 14.0";
			developmentRegion = en;
			hasScannedForEncodings = 0;
			knownRegions = (
				en,
				Base,
			);
			mainGroup = 1A05E82329B3DB2A00A05469;
			packageReferences = (
				1A05E85D29B3DBE500A05469 /* XCRemoteSwiftPackageReference "package-histogram" */,
				1A05E86029B3DFB100A05469 /* XCRemoteSwiftPackageReference "swift-extras-json" */,
			);
			productRefGroup = 1A05E82D29B3DB2B00A05469 /* Products */;
			projectDirPath = "";
			projectRoot = "";
			targets = (
				1A05E82B29B3DB2A00A05469 /* HdrHistogramViewer */,
				1A05E83F29B3DB2C00A05469 /* HdrHistogramViewerTests */,
				1A05E84929B3DB2C00A05469 /* HdrHistogramViewerUITests */,
			);
		};
/* End PBXProject section */

/* Begin PBXResourcesBuildPhase section */
		1A05E82A29B3DB2A00A05469 /* Resources */ = {
			isa = PBXResourcesBuildPhase;
			buildActionMask = 2147483647;
			files = (
				1A05E83B29B3DB2B00A05469 /* Preview Assets.xcassets in Resources */,
				1A05E83629B3DB2B00A05469 /* Assets.xcassets in Resources */,
			);
			runOnlyForDeploymentPostprocessing = 0;
		};
		1A05E83E29B3DB2C00A05469 /* Resources */ = {
			isa = PBXResourcesBuildPhase;
			buildActionMask = 2147483647;
			files = (
			);
			runOnlyForDeploymentPostprocessing = 0;
		};
		1A05E84829B3DB2C00A05469 /* Resources */ = {
			isa = PBXResourcesBuildPhase;
			buildActionMask = 2147483647;
			files = (
			);
			runOnlyForDeploymentPostprocessing = 0;
		};
/* End PBXResourcesBuildPhase section */

/* Begin PBXSourcesBuildPhase section */
		1A05E82829B3DB2A00A05469 /* Sources */ = {
			isa = PBXSourcesBuildPhase;
			buildActionMask = 2147483647;
			files = (
				1AA019C329B3FFF100B0BA19 /* PercentileCurve.swift in Sources */,
				1A05E83229B3DB2B00A05469 /* HdrHistogramViewerDocument.swift in Sources */,
				1A05E83029B3DB2B00A05469 /* HdrHistogramViewerApp.swift in Sources */,
				1A05E83429B3DB2B00A05469 /* ContentView.swift in Sources */,
			);
			runOnlyForDeploymentPostprocessing = 0;
		};
		1A05E83C29B3DB2C00A05469 /* Sources */ = {
			isa = PBXSourcesBuildPhase;
			buildActionMask = 2147483647;
			files = (
				1A05E84529B3DB2C00A05469 /* HdrHistogramViewerTests.swift in Sources */,
			);
			runOnlyForDeploymentPostprocessing = 0;
		};
		1A05E84629B3DB2C00A05469 /* Sources */ = {
			isa = PBXSourcesBuildPhase;
			buildActionMask = 2147483647;
			files = (
				1A05E85129B3DB2C00A05469 /* HdrHistogramViewerUITestsLaunchTests.swift in Sources */,
				1A05E84F29B3DB2C00A05469 /* HdrHistogramViewerUITests.swift in Sources */,
			);
			runOnlyForDeploymentPostprocessing = 0;
		};
/* End PBXSourcesBuildPhase section */

/* Begin PBXTargetDependency section */
		1A05E84229B3DB2C00A05469 /* PBXTargetDependency */ = {
			isa = PBXTargetDependency;
			target = 1A05E82B29B3DB2A00A05469 /* HdrHistogramViewer */;
			targetProxy = 1A05E84129B3DB2C00A05469 /* PBXContainerItemProxy */;
		};
		1A05E84C29B3DB2C00A05469 /* PBXTargetDependency */ = {
			isa = PBXTargetDependency;
			target = 1A05E82B29B3DB2A00A05469 /* HdrHistogramViewer */;
			targetProxy = 1A05E84B29B3DB2C00A05469 /* PBXContainerItemProxy */;
		};
/* End PBXTargetDependency section */

/* Begin XCBuildConfiguration section */
		1A05E85229B3DB2C00A05469 /* Debug */ = {
			isa = XCBuildConfiguration;
			buildSettings = {
				ALWAYS_SEARCH_USER_PATHS = NO;
				CLANG_ANALYZER_NONNULL = YES;
				CLANG_ANALYZER_NUMBER_OBJECT_CONVERSION = YES_AGGRESSIVE;
				CLANG_CXX_LANGUAGE_STANDARD = "gnu++20";
				CLANG_ENABLE_MODULES = YES;
				CLANG_ENABLE_OBJC_ARC = YES;
				CLANG_ENABLE_OBJC_WEAK = YES;
				CLANG_WARN_BLOCK_CAPTURE_AUTORELEASING = YES;
				CLANG_WARN_BOOL_CONVERSION = YES;
				CLANG_WARN_COMMA = YES;
				CLANG_WARN_CONSTANT_CONVERSION = YES;
				CLANG_WARN_DEPRECATED_OBJC_IMPLEMENTATIONS = YES;
				CLANG_WARN_DIRECT_OBJC_ISA_USAGE = YES_ERROR;
				CLANG_WARN_DOCUMENTATION_COMMENTS = YES;
				CLANG_WARN_EMPTY_BODY = YES;
				CLANG_WARN_ENUM_CONVERSION = YES;
				CLANG_WARN_INFINITE_RECURSION = YES;
				CLANG_WARN_INT_CONVERSION = YES;
				CLANG_WARN_NON_LITERAL_NULL_CONVERSION = YES;
				CLANG_WARN_OBJC_IMPLICIT_RETAIN_SELF = YES;
				CLANG_WARN_OBJC_LITERAL_CONVERSION = YES;
				CLANG_WARN_OBJC_ROOT_CLASS = YES_ERROR;
				CLANG_WARN_QUOTED_INCLUDE_IN_FRAMEWORK_HEADER = YES;
				CLANG_WARN_RANGE_LOOP_ANALYSIS = YES;
				CLANG_WARN_STRICT_PROTOTYPES = YES;
				CLANG_WARN_SUSPICIOUS_MOVE = YES;
				CLANG_WARN_UNGUARDED_AVAILABILITY = YES_AGGRESSIVE;
				CLANG_WARN_UNREACHABLE_CODE = YES;
				CLANG_WARN__DUPLICATE_METHOD_MATCH = YES;
				COPY_PHASE_STRIP = NO;
				DEBUG_INFORMATION_FORMAT = dwarf;
				ENABLE_STRICT_OBJC_MSGSEND = YES;
				ENABLE_TESTABILITY = YES;
				GCC_C_LANGUAGE_STANDARD = gnu11;
				GCC_DYNAMIC_NO_PIC = NO;
				GCC_NO_COMMON_BLOCKS = YES;
				GCC_OPTIMIZATION_LEVEL = 0;
				GCC_PREPROCESSOR_DEFINITIONS = (
					"DEBUG=1",
					"$(inherited)",
				);
				GCC_WARN_64_TO_32_BIT_CONVERSION = YES;
				GCC_WARN_ABOUT_RETURN_TYPE = YES_ERROR;
				GCC_WARN_UNDECLARED_SELECTOR = YES;
				GCC_WARN_UNINITIALIZED_AUTOS = YES_AGGRESSIVE;
				GCC_WARN_UNUSED_FUNCTION = YES;
				GCC_WARN_UNUSED_VARIABLE = YES;
				MTL_ENABLE_DEBUG_INFO = INCLUDE_SOURCE;
				MTL_FAST_MATH = YES;
				ONLY_ACTIVE_ARCH = YES;
				SWIFT_ACTIVE_COMPILATION_CONDITIONS = DEBUG;
				SWIFT_OPTIMIZATION_LEVEL = "-Onone";
			};
			name = Debug;
		};
		1A05E85329B3DB2C00A05469 /* Release */ = {
			isa = XCBuildConfiguration;
			buildSettings = {
				ALWAYS_SEARCH_USER_PATHS = NO;
				CLANG_ANALYZER_NONNULL = YES;
				CLANG_ANALYZER_NUMBER_OBJECT_CONVERSION = YES_AGGRESSIVE;
				CLANG_CXX_LANGUAGE_STANDARD = "gnu++20";
				CLANG_ENABLE_MODULES = YES;
				CLANG_ENABLE_OBJC_ARC = YES;
				CLANG_ENABLE_OBJC_WEAK = YES;
				CLANG_WARN_BLOCK_CAPTURE_AUTORELEASING = YES;
				CLANG_WARN_BOOL_CONVERSION = YES;
				CLANG_WARN_COMMA = YES;
				CLANG_WARN_CONSTANT_CONVERSION = YES;
				CLANG_WARN_DEPRECATED_OBJC_IMPLEMENTATIONS = YES;
				CLANG_WARN_DIRECT_OBJC_ISA_USAGE = YES_ERROR;
				CLANG_WARN_DOCUMENTATION_COMMENTS = YES;
				CLANG_WARN_EMPTY_BODY = YES;
				CLANG_WARN_ENUM_CONVERSION = YES;
				CLANG_WARN_INFINITE_RECURSION = YES;
				CLANG_WARN_INT_CONVERSION = YES;
				CLANG_WARN_NON_LITERAL_NULL_CONVERSION = YES;
				CLANG_WARN_OBJC_IMPLICIT_RETAIN_SELF = YES;
				CLANG_WARN_OBJC_LITERAL_CONVERSION = YES;
				CLANG_WARN_OBJC_ROOT_CLASS = YES_ERROR;
				CLANG_WARN_QUOTED_INCLUDE_IN_FRAMEWORK_HEADER = YES;
				CLANG_WARN_RANGE_LOOP_ANALYSIS = YES;
				CLANG_WARN_STRICT_PROTOTYPES = YES;
				CLANG_WARN_SUSPICIOUS_MOVE = YES;
				CLANG_WARN_UNGUARDED_AVAILABILITY = YES_AGGRESSIVE;
				CLANG_WARN_UNREACHABLE_CODE = YES;
				CLANG_WARN__DUPLICATE_METHOD_MATCH = YES;
				COPY_PHASE_STRIP = NO;
				DEBUG_INFORMATION_FORMAT = "dwarf-with-dsym";
				ENABLE_NS_ASSERTIONS = NO;
				ENABLE_STRICT_OBJC_MSGSEND = YES;
				GCC_C_LANGUAGE_STANDARD = gnu11;
				GCC_NO_COMMON_BLOCKS = YES;
				GCC_WARN_64_TO_32_BIT_CONVERSION = YES;
				GCC_WARN_ABOUT_RETURN_TYPE = YES_ERROR;
				GCC_WARN_UNDECLARED_SELECTOR = YES;
				GCC_WARN_UNINITIALIZED_AUTOS = YES_AGGRESSIVE;
				GCC_WARN_UNUSED_FUNCTION = YES;
				GCC_WARN_UNUSED_VARIABLE = YES;
				MTL_ENABLE_DEBUG_INFO = NO;
				MTL_FAST_MATH = YES;
				SWIFT_COMPILATION_MODE = wholemodule;
				SWIFT_OPTIMIZATION_LEVEL = "-O";
			};
			name = Release;
		};
		1A05E85529B3DB2C00A05469 /* Debug */ = {
			isa = XCBuildConfiguration;
			buildSettings = {
				ASSETCATALOG_COMPILER_APPICON_NAME = AppIcon;
				ASSETCATALOG_COMPILER_GLOBAL_ACCENT_COLOR_NAME = AccentColor;
				CODE_SIGN_ENTITLEMENTS = HdrHistogramViewer/HdrHistogramViewer.entitlements;
				CODE_SIGN_STYLE = Automatic;
				CURRENT_PROJECT_VERSION = 1;
				DEVELOPMENT_ASSET_PATHS = "\"HdrHistogramViewer/Preview Content\"";
				DEVELOPMENT_TEAM = BDV4VC27D3;
				ENABLE_HARDENED_RUNTIME = YES;
				ENABLE_PREVIEWS = YES;
				GENERATE_INFOPLIST_FILE = YES;
				INFOPLIST_FILE = HdrHistogramViewer/Info.plist;
				"INFOPLIST_KEY_UIApplicationSceneManifest_Generation[sdk=iphoneos*]" = YES;
				"INFOPLIST_KEY_UIApplicationSceneManifest_Generation[sdk=iphonesimulator*]" = YES;
				"INFOPLIST_KEY_UIApplicationSupportsIndirectInputEvents[sdk=iphoneos*]" = YES;
				"INFOPLIST_KEY_UIApplicationSupportsIndirectInputEvents[sdk=iphonesimulator*]" = YES;
				"INFOPLIST_KEY_UILaunchScreen_Generation[sdk=iphoneos*]" = YES;
				"INFOPLIST_KEY_UILaunchScreen_Generation[sdk=iphonesimulator*]" = YES;
				"INFOPLIST_KEY_UIStatusBarStyle[sdk=iphoneos*]" = UIStatusBarStyleDefault;
				"INFOPLIST_KEY_UIStatusBarStyle[sdk=iphonesimulator*]" = UIStatusBarStyleDefault;
				INFOPLIST_KEY_UISupportedInterfaceOrientations_iPad = "UIInterfaceOrientationPortrait UIInterfaceOrientationPortraitUpsideDown UIInterfaceOrientationLandscapeLeft UIInterfaceOrientationLandscapeRight";
				INFOPLIST_KEY_UISupportedInterfaceOrientations_iPhone = "UIInterfaceOrientationPortrait UIInterfaceOrientationLandscapeLeft UIInterfaceOrientationLandscapeRight";
				"INFOPLIST_KEY_UISupportsDocumentBrowser[sdk=iphoneos*]" = YES;
				"INFOPLIST_KEY_UISupportsDocumentBrowser[sdk=iphonesimulator*]" = YES;
				IPHONEOS_DEPLOYMENT_TARGET = 16.4;
				LD_RUNPATH_SEARCH_PATHS = "@executable_path/Frameworks";
				"LD_RUNPATH_SEARCH_PATHS[sdk=macosx*]" = "@executable_path/../Frameworks";
				MACOSX_DEPLOYMENT_TARGET = 13.2;
				MARKETING_VERSION = 1.0;
				PRODUCT_BUNDLE_IDENTIFIER = com.rhonabwy.HdrHistogramViewer;
				PRODUCT_NAME = "$(TARGET_NAME)";
				SDKROOT = auto;
				SUPPORTED_PLATFORMS = "iphoneos iphonesimulator macosx";
				SWIFT_EMIT_LOC_STRINGS = YES;
				SWIFT_VERSION = 5.0;
				TARGETED_DEVICE_FAMILY = "1,2";
			};
			name = Debug;
		};
		1A05E85629B3DB2C00A05469 /* Release */ = {
			isa = XCBuildConfiguration;
			buildSettings = {
				ASSETCATALOG_COMPILER_APPICON_NAME = AppIcon;
				ASSETCATALOG_COMPILER_GLOBAL_ACCENT_COLOR_NAME = AccentColor;
				CODE_SIGN_ENTITLEMENTS = HdrHistogramViewer/HdrHistogramViewer.entitlements;
				CODE_SIGN_STYLE = Automatic;
				CURRENT_PROJECT_VERSION = 1;
				DEVELOPMENT_ASSET_PATHS = "\"HdrHistogramViewer/Preview Content\"";
				DEVELOPMENT_TEAM = BDV4VC27D3;
				ENABLE_HARDENED_RUNTIME = YES;
				ENABLE_PREVIEWS = YES;
				GENERATE_INFOPLIST_FILE = YES;
				INFOPLIST_FILE = HdrHistogramViewer/Info.plist;
				"INFOPLIST_KEY_UIApplicationSceneManifest_Generation[sdk=iphoneos*]" = YES;
				"INFOPLIST_KEY_UIApplicationSceneManifest_Generation[sdk=iphonesimulator*]" = YES;
				"INFOPLIST_KEY_UIApplicationSupportsIndirectInputEvents[sdk=iphoneos*]" = YES;
				"INFOPLIST_KEY_UIApplicationSupportsIndirectInputEvents[sdk=iphonesimulator*]" = YES;
				"INFOPLIST_KEY_UILaunchScreen_Generation[sdk=iphoneos*]" = YES;
				"INFOPLIST_KEY_UILaunchScreen_Generation[sdk=iphonesimulator*]" = YES;
				"INFOPLIST_KEY_UIStatusBarStyle[sdk=iphoneos*]" = UIStatusBarStyleDefault;
				"INFOPLIST_KEY_UIStatusBarStyle[sdk=iphonesimulator*]" = UIStatusBarStyleDefault;
				INFOPLIST_KEY_UISupportedInterfaceOrientations_iPad = "UIInterfaceOrientationPortrait UIInterfaceOrientationPortraitUpsideDown UIInterfaceOrientationLandscapeLeft UIInterfaceOrientationLandscapeRight";
				INFOPLIST_KEY_UISupportedInterfaceOrientations_iPhone = "UIInterfaceOrientationPortrait UIInterfaceOrientationLandscapeLeft UIInterfaceOrientationLandscapeRight";
				"INFOPLIST_KEY_UISupportsDocumentBrowser[sdk=iphoneos*]" = YES;
				"INFOPLIST_KEY_UISupportsDocumentBrowser[sdk=iphonesimulator*]" = YES;
				IPHONEOS_DEPLOYMENT_TARGET = 16.4;
				LD_RUNPATH_SEARCH_PATHS = "@executable_path/Frameworks";
				"LD_RUNPATH_SEARCH_PATHS[sdk=macosx*]" = "@executable_path/../Frameworks";
				MACOSX_DEPLOYMENT_TARGET = 13.2;
				MARKETING_VERSION = 1.0;
				PRODUCT_BUNDLE_IDENTIFIER = com.rhonabwy.HdrHistogramViewer;
				PRODUCT_NAME = "$(TARGET_NAME)";
				SDKROOT = auto;
				SUPPORTED_PLATFORMS = "iphoneos iphonesimulator macosx";
				SWIFT_EMIT_LOC_STRINGS = YES;
				SWIFT_VERSION = 5.0;
				TARGETED_DEVICE_FAMILY = "1,2";
			};
			name = Release;
		};
		1A05E85829B3DB2C00A05469 /* Debug */ = {
			isa = XCBuildConfiguration;
			buildSettings = {
				ALWAYS_EMBED_SWIFT_STANDARD_LIBRARIES = YES;
				BUNDLE_LOADER = "$(TEST_HOST)";
				CODE_SIGN_STYLE = Automatic;
				CURRENT_PROJECT_VERSION = 1;
				DEVELOPMENT_TEAM = BDV4VC27D3;
				GENERATE_INFOPLIST_FILE = YES;
				IPHONEOS_DEPLOYMENT_TARGET = 16.4;
				MACOSX_DEPLOYMENT_TARGET = 13.2;
				MARKETING_VERSION = 1.0;
				PRODUCT_BUNDLE_IDENTIFIER = com.rhonabwy.HdrHistogramViewerTests;
				PRODUCT_NAME = "$(TARGET_NAME)";
				SDKROOT = auto;
				SUPPORTED_PLATFORMS = "iphoneos iphonesimulator macosx";
				SWIFT_EMIT_LOC_STRINGS = NO;
				SWIFT_VERSION = 5.0;
				TARGETED_DEVICE_FAMILY = "1,2";
				TEST_HOST = "$(BUILT_PRODUCTS_DIR)/HdrHistogramViewer.app/$(BUNDLE_EXECUTABLE_FOLDER_PATH)/HdrHistogramViewer";
			};
			name = Debug;
		};
		1A05E85929B3DB2C00A05469 /* Release */ = {
			isa = XCBuildConfiguration;
			buildSettings = {
				ALWAYS_EMBED_SWIFT_STANDARD_LIBRARIES = YES;
				BUNDLE_LOADER = "$(TEST_HOST)";
				CODE_SIGN_STYLE = Automatic;
				CURRENT_PROJECT_VERSION = 1;
				DEVELOPMENT_TEAM = BDV4VC27D3;
				GENERATE_INFOPLIST_FILE = YES;
				IPHONEOS_DEPLOYMENT_TARGET = 16.4;
				MACOSX_DEPLOYMENT_TARGET = 13.2;
				MARKETING_VERSION = 1.0;
				PRODUCT_BUNDLE_IDENTIFIER = com.rhonabwy.HdrHistogramViewerTests;
				PRODUCT_NAME = "$(TARGET_NAME)";
				SDKROOT = auto;
				SUPPORTED_PLATFORMS = "iphoneos iphonesimulator macosx";
				SWIFT_EMIT_LOC_STRINGS = NO;
				SWIFT_VERSION = 5.0;
				TARGETED_DEVICE_FAMILY = "1,2";
				TEST_HOST = "$(BUILT_PRODUCTS_DIR)/HdrHistogramViewer.app/$(BUNDLE_EXECUTABLE_FOLDER_PATH)/HdrHistogramViewer";
			};
			name = Release;
		};
		1A05E85B29B3DB2C00A05469 /* Debug */ = {
			isa = XCBuildConfiguration;
			buildSettings = {
				ALWAYS_EMBED_SWIFT_STANDARD_LIBRARIES = YES;
				CODE_SIGN_STYLE = Automatic;
				CURRENT_PROJECT_VERSION = 1;
				DEVELOPMENT_TEAM = BDV4VC27D3;
				GENERATE_INFOPLIST_FILE = YES;
				IPHONEOS_DEPLOYMENT_TARGET = 16.4;
				MACOSX_DEPLOYMENT_TARGET = 13.2;
				MARKETING_VERSION = 1.0;
				PRODUCT_BUNDLE_IDENTIFIER = com.rhonabwy.HdrHistogramViewerUITests;
				PRODUCT_NAME = "$(TARGET_NAME)";
				SDKROOT = auto;
				SUPPORTED_PLATFORMS = "iphoneos iphonesimulator macosx";
				SWIFT_EMIT_LOC_STRINGS = NO;
				SWIFT_VERSION = 5.0;
				TARGETED_DEVICE_FAMILY = "1,2";
				TEST_TARGET_NAME = HdrHistogramViewer;
			};
			name = Debug;
		};
		1A05E85C29B3DB2C00A05469 /* Release */ = {
			isa = XCBuildConfiguration;
			buildSettings = {
				ALWAYS_EMBED_SWIFT_STANDARD_LIBRARIES = YES;
				CODE_SIGN_STYLE = Automatic;
				CURRENT_PROJECT_VERSION = 1;
				DEVELOPMENT_TEAM = BDV4VC27D3;
				GENERATE_INFOPLIST_FILE = YES;
				IPHONEOS_DEPLOYMENT_TARGET = 16.4;
				MACOSX_DEPLOYMENT_TARGET = 13.2;
				MARKETING_VERSION = 1.0;
				PRODUCT_BUNDLE_IDENTIFIER = com.rhonabwy.HdrHistogramViewerUITests;
				PRODUCT_NAME = "$(TARGET_NAME)";
				SDKROOT = auto;
				SUPPORTED_PLATFORMS = "iphoneos iphonesimulator macosx";
				SWIFT_EMIT_LOC_STRINGS = NO;
				SWIFT_VERSION = 5.0;
				TARGETED_DEVICE_FAMILY = "1,2";
				TEST_TARGET_NAME = HdrHistogramViewer;
			};
			name = Release;
		};
/* End XCBuildConfiguration section */

/* Begin XCConfigurationList section */
		1A05E82729B3DB2A00A05469 /* Build configuration list for PBXProject "HdrHistogramViewer" */ = {
			isa = XCConfigurationList;
			buildConfigurations = (
				1A05E85229B3DB2C00A05469 /* Debug */,
				1A05E85329B3DB2C00A05469 /* Release */,
			);
			defaultConfigurationIsVisible = 0;
			defaultConfigurationName = Release;
		};
		1A05E85429B3DB2C00A05469 /* Build configuration list for PBXNativeTarget "HdrHistogramViewer" */ = {
			isa = XCConfigurationList;
			buildConfigurations = (
				1A05E85529B3DB2C00A05469 /* Debug */,
				1A05E85629B3DB2C00A05469 /* Release */,
			);
			defaultConfigurationIsVisible = 0;
			defaultConfigurationName = Release;
		};
		1A05E85729B3DB2C00A05469 /* Build configuration list for PBXNativeTarget "HdrHistogramViewerTests" */ = {
			isa = XCConfigurationList;
			buildConfigurations = (
				1A05E85829B3DB2C00A05469 /* Debug */,
				1A05E85929B3DB2C00A05469 /* Release */,
			);
			defaultConfigurationIsVisible = 0;
			defaultConfigurationName = Release;
		};
		1A05E85A29B3DB2C00A05469 /* Build configuration list for PBXNativeTarget "HdrHistogramViewerUITests" */ = {
			isa = XCConfigurationList;
			buildConfigurations = (
				1A05E85B29B3DB2C00A05469 /* Debug */,
				1A05E85C29B3DB2C00A05469 /* Release */,
			);
			defaultConfigurationIsVisible = 0;
			defaultConfigurationName = Release;
		};
/* End XCConfigurationList section */

/* Begin XCRemoteSwiftPackageReference section */
		1A05E85D29B3DBE500A05469 /* XCRemoteSwiftPackageReference "package-histogram" */ = {
			isa = XCRemoteSwiftPackageReference;
			repositoryURL = "https://github.com/ordo-one/package-histogram";
			requirement = {
				kind = upToNextMajorVersion;
				minimumVersion = 0.1.1;
			};
		};
		1A05E86029B3DFB100A05469 /* XCRemoteSwiftPackageReference "swift-extras-json" */ = {
			isa = XCRemoteSwiftPackageReference;
			repositoryURL = "https://github.com/swift-extras/swift-extras-json";
			requirement = {
				kind = upToNextMajorVersion;
				minimumVersion = 0.6.0;
			};
		};
/* End XCRemoteSwiftPackageReference section */

/* Begin XCSwiftPackageProductDependency section */
		1A05E85E29B3DBE500A05469 /* Histogram */ = {
			isa = XCSwiftPackageProductDependency;
			package = 1A05E85D29B3DBE500A05469 /* XCRemoteSwiftPackageReference "package-histogram" */;
			productName = Histogram;
		};
		1A05E86129B3DFB100A05469 /* ExtrasJSON */ = {
			isa = XCSwiftPackageProductDependency;
			package = 1A05E86029B3DFB100A05469 /* XCRemoteSwiftPackageReference "swift-extras-json" */;
			productName = ExtrasJSON;
		};
/* End XCSwiftPackageProductDependency section */
	};
	rootObject = 1A05E82429B3DB2A00A05469 /* Project object */;
}
